
Microsoft Visual Studio Solution File, Format Version 12.00
# Visual Studio Version 16
VisualStudioVersion = 16.0.32413.511
MinimumVisualStudioVersion = 10.0.40219.1
Project("{9A19103F-16F7-4668-BE54-9A1E7A4F7556}") = "GMail", "DotNet\GMail\GMail.csproj", "{E60E3880-A358-428D-AA36-1BF8191AB776}"
EndProject
Project("{9A19103F-16F7-4668-BE54-9A1E7A4F7556}") = "GCalendar", "DotNet\GCalendar\GCalendar.csproj", "{F9C66B02-0114-4E8C-AB01-978FFDC6010A}"
EndProject
Global
	GlobalSection(SolutionConfigurationPlatforms) = preSolution
		Debug|Any CPU = Debug|Any CPU
		Release|Any CPU = Release|Any CPU
	EndGlobalSection
	GlobalSection(ProjectConfigurationPlatforms) = postSolution
		{E60E3880-A358-428D-AA36-1BF8191AB776}.Debug|Any CPU.ActiveCfg = Debug|Any CPU
		{E60E3880-A358-428D-AA36-1BF8191AB776}.Debug|Any CPU.Build.0 = Debug|Any CPU
		{E60E3880-A358-428D-AA36-1BF8191AB776}.Release|Any CPU.ActiveCfg = Release|Any CPU
		{E60E3880-A358-428D-AA36-1BF8191AB776}.Release|Any CPU.Build.0 = Release|Any CPU
		{F9C66B02-0114-4E8C-AB01-978FFDC6010A}.Debug|Any CPU.ActiveCfg = Debug|Any CPU
		{F9C66B02-0114-4E8C-AB01-978FFDC6010A}.Debug|Any CPU.Build.0 = Debug|Any CPU
		{F9C66B02-0114-4E8C-AB01-978FFDC6010A}.Release|Any CPU.ActiveCfg = Release|Any CPU
		{F9C66B02-0114-4E8C-AB01-978FFDC6010A}.Release|Any CPU.Build.0 = Release|Any CPU
	EndGlobalSection
	GlobalSection(SolutionProperties) = preSolution
		HideSolutionNode = FALSE
	EndGlobalSection
	GlobalSection(ExtensibilityGlobals) = postSolution
		SolutionGuid = {22B8C61D-0F6E-4960-9FBC-9A5394CA6DC5}
	EndGlobalSection
EndGlobal
