
Microsoft Visual Studio Solution File, Format Version 12.00
# Visual Studio Version 17
VisualStudioVersion = 17.8.34330.188
MinimumVisualStudioVersion = 10.0.40219.1
Project("{9A19103F-16F7-4668-BE54-9A1E7A4F7556}") = "GMail", "DotNet\GMail\GMail.csproj", "{E60E3880-A358-428D-AA36-1BF8191AB776}"
EndProject
Project("{9A19103F-16F7-4668-BE54-9A1E7A4F7556}") = "GCalendar", "DotNet\GCalendar\GCalendar.csproj", "{F9C66B02-0114-4E8C-AB01-978FFDC6010A}"
EndProject
Project("{9A19103F-16F7-4668-BE54-9A1E7A4F7556}") = "MSTeams", "DotNet\MSTeams\MSTeams.csproj", "{729A4576-CF05-4DC7-914A-28C8F5C9172E}"
EndProject
Project("{9A19103F-16F7-4668-BE54-9A1E7A4F7556}") = "Slack", "DotNet\Slack\Slack.csproj", "{AC8CE34D-FF16-4A36-94D6-99CD0A3CA26D}"
EndProject
Project("{9A19103F-16F7-4668-BE54-9A1E7A4F7556}") = "MSOutlook", "DotNet\MSOutlook\MSOutlook.csproj", "{468B89E6-78B0-4960-97C9-99C8B130875A}"
EndProject
Project("{9A19103F-16F7-4668-BE54-9A1E7A4F7556}") = "Zoom", "DotNet\Zoom\Zoom.csproj", "{EAA0B9F8-EEB0-4637-941C-84625066966B}"
EndProject
Project("{9A19103F-16F7-4668-BE54-9A1E7A4F7556}") = "Jira", "DotNet\Jira\Jira.csproj", "{AB5DB326-7793-42DD-8C67-2758288B59EE}"
EndProject
Global
	GlobalSection(SolutionConfigurationPlatforms) = preSolution
		Debug|Any CPU = Debug|Any CPU
		Release|Any CPU = Release|Any CPU
	EndGlobalSection
	GlobalSection(ProjectConfigurationPlatforms) = postSolution
		{E60E3880-A358-428D-AA36-1BF8191AB776}.Debug|Any CPU.ActiveCfg = Debug|Any CPU
		{E60E3880-A358-428D-AA36-1BF8191AB776}.Debug|Any CPU.Build.0 = Debug|Any CPU
		{E60E3880-A358-428D-AA36-1BF8191AB776}.Release|Any CPU.ActiveCfg = Release|Any CPU
		{E60E3880-A358-428D-AA36-1BF8191AB776}.Release|Any CPU.Build.0 = Release|Any CPU
		{F9C66B02-0114-4E8C-AB01-978FFDC6010A}.Debug|Any CPU.ActiveCfg = Debug|Any CPU
		{F9C66B02-0114-4E8C-AB01-978FFDC6010A}.Debug|Any CPU.Build.0 = Debug|Any CPU
		{F9C66B02-0114-4E8C-AB01-978FFDC6010A}.Release|Any CPU.ActiveCfg = Release|Any CPU
		{F9C66B02-0114-4E8C-AB01-978FFDC6010A}.Release|Any CPU.Build.0 = Release|Any CPU
		{729A4576-CF05-4DC7-914A-28C8F5C9172E}.Debug|Any CPU.ActiveCfg = Debug|Any CPU
		{729A4576-CF05-4DC7-914A-28C8F5C9172E}.Debug|Any CPU.Build.0 = Debug|Any CPU
		{729A4576-CF05-4DC7-914A-28C8F5C9172E}.Release|Any CPU.ActiveCfg = Release|Any CPU
		{729A4576-CF05-4DC7-914A-28C8F5C9172E}.Release|Any CPU.Build.0 = Release|Any CPU
		{AC8CE34D-FF16-4A36-94D6-99CD0A3CA26D}.Debug|Any CPU.ActiveCfg = Debug|Any CPU
		{AC8CE34D-FF16-4A36-94D6-99CD0A3CA26D}.Debug|Any CPU.Build.0 = Debug|Any CPU
		{AC8CE34D-FF16-4A36-94D6-99CD0A3CA26D}.Release|Any CPU.ActiveCfg = Release|Any CPU
		{AC8CE34D-FF16-4A36-94D6-99CD0A3CA26D}.Release|Any CPU.Build.0 = Release|Any CPU
		{468B89E6-78B0-4960-97C9-99C8B130875A}.Debug|Any CPU.ActiveCfg = Debug|Any CPU
		{468B89E6-78B0-4960-97C9-99C8B130875A}.Debug|Any CPU.Build.0 = Debug|Any CPU
		{468B89E6-78B0-4960-97C9-99C8B130875A}.Release|Any CPU.ActiveCfg = Release|Any CPU
		{468B89E6-78B0-4960-97C9-99C8B130875A}.Release|Any CPU.Build.0 = Release|Any CPU
		{EAA0B9F8-EEB0-4637-941C-84625066966B}.Debug|Any CPU.ActiveCfg = Debug|Any CPU
		{EAA0B9F8-EEB0-4637-941C-84625066966B}.Debug|Any CPU.Build.0 = Debug|Any CPU
		{EAA0B9F8-EEB0-4637-941C-84625066966B}.Release|Any CPU.ActiveCfg = Release|Any CPU
		{EAA0B9F8-EEB0-4637-941C-84625066966B}.Release|Any CPU.Build.0 = Release|Any CPU
		{AB5DB326-7793-42DD-8C67-2758288B59EE}.Debug|Any CPU.ActiveCfg = Debug|Any CPU
		{AB5DB326-7793-42DD-8C67-2758288B59EE}.Debug|Any CPU.Build.0 = Debug|Any CPU
		{AB5DB326-7793-42DD-8C67-2758288B59EE}.Release|Any CPU.ActiveCfg = Release|Any CPU
		{AB5DB326-7793-42DD-8C67-2758288B59EE}.Release|Any CPU.Build.0 = Release|Any CPU
	EndGlobalSection
	GlobalSection(SolutionProperties) = preSolution
		HideSolutionNode = FALSE
	EndGlobalSection
	GlobalSection(ExtensibilityGlobals) = postSolution
		SolutionGuid = {22B8C61D-0F6E-4960-9FBC-9A5394CA6DC5}
	EndGlobalSection
EndGlobal
