
Microsoft Visual Studio Solution File, Format Version 12.00
# Visual Studio Version 16
VisualStudioVersion = 16.0.32413.511
MinimumVisualStudioVersion = 10.0.40219.1
Project("{9A19103F-16F7-4668-BE54-9A1E7A4F7556}") = "GMail", "DotNet\GMail\GMail.csproj", "{E60E3880-A358-428D-AA36-1BF8191AB776}"
EndProject
Project("{9A19103F-16F7-4668-BE54-9A1E7A4F7556}") = "GCalendar", "DotNet\GCalendar\GCalendar.csproj", "{F9C66B02-0114-4E8C-AB01-978FFDC6010A}"
EndProject
Project("{9A19103F-16F7-4668-BE54-9A1E7A4F7556}") = "Microsoft", "DotNet\Microsoft\Microsoft.csproj", "{7F15EE9E-4D7F-493C-9E95-15EB24097D5F}"
EndProject
Project("{9A19103F-16F7-4668-BE54-9A1E7A4F7556}") = "MSTeams", "DotNet\MSTeams\MSTeams.csproj", "{729A4576-CF05-4DC7-914A-28C8F5C9172E}"
EndProject
Project("{9A19103F-16F7-4668-BE54-9A1E7A4F7556}") = "Slack", "DotNet\Slack\Slack.csproj", "{AC8CE34D-FF16-4A36-94D6-99CD0A3CA26D}"
EndProject
Global
	GlobalSection(SolutionConfigurationPlatforms) = preSolution
		Debug|Any CPU = Debug|Any CPU
		Release|Any CPU = Release|Any CPU
	EndGlobalSection
	GlobalSection(ProjectConfigurationPlatforms) = postSolution
		{E60E3880-A358-428D-AA36-1BF8191AB776}.Debug|Any CPU.ActiveCfg = Debug|Any CPU
		{E60E3880-A358-428D-AA36-1BF8191AB776}.Debug|Any CPU.Build.0 = Debug|Any CPU
		{E60E3880-A358-428D-AA36-1BF8191AB776}.Release|Any CPU.ActiveCfg = Release|Any CPU
		{E60E3880-A358-428D-AA36-1BF8191AB776}.Release|Any CPU.Build.0 = Release|Any CPU
		{F9C66B02-0114-4E8C-AB01-978FFDC6010A}.Debug|Any CPU.ActiveCfg = Debug|Any CPU
		{F9C66B02-0114-4E8C-AB01-978FFDC6010A}.Debug|Any CPU.Build.0 = Debug|Any CPU
		{F9C66B02-0114-4E8C-AB01-978FFDC6010A}.Release|Any CPU.ActiveCfg = Release|Any CPU
		{F9C66B02-0114-4E8C-AB01-978FFDC6010A}.Release|Any CPU.Build.0 = Release|Any CPU
		{7F15EE9E-4D7F-493C-9E95-15EB24097D5F}.Debug|Any CPU.ActiveCfg = Debug|Any CPU
		{7F15EE9E-4D7F-493C-9E95-15EB24097D5F}.Debug|Any CPU.Build.0 = Debug|Any CPU
		{7F15EE9E-4D7F-493C-9E95-15EB24097D5F}.Release|Any CPU.ActiveCfg = Release|Any CPU
		{7F15EE9E-4D7F-493C-9E95-15EB24097D5F}.Release|Any CPU.Build.0 = Release|Any CPU
		{729A4576-CF05-4DC7-914A-28C8F5C9172E}.Debug|Any CPU.ActiveCfg = Debug|Any CPU
		{729A4576-CF05-4DC7-914A-28C8F5C9172E}.Debug|Any CPU.Build.0 = Debug|Any CPU
		{729A4576-CF05-4DC7-914A-28C8F5C9172E}.Release|Any CPU.ActiveCfg = Release|Any CPU
		{729A4576-CF05-4DC7-914A-28C8F5C9172E}.Release|Any CPU.Build.0 = Release|Any CPU
		{AC8CE34D-FF16-4A36-94D6-99CD0A3CA26D}.Debug|Any CPU.ActiveCfg = Debug|Any CPU
		{AC8CE34D-FF16-4A36-94D6-99CD0A3CA26D}.Debug|Any CPU.Build.0 = Debug|Any CPU
		{AC8CE34D-FF16-4A36-94D6-99CD0A3CA26D}.Release|Any CPU.ActiveCfg = Release|Any CPU
		{AC8CE34D-FF16-4A36-94D6-99CD0A3CA26D}.Release|Any CPU.Build.0 = Release|Any CPU
	EndGlobalSection
	GlobalSection(SolutionProperties) = preSolution
		HideSolutionNode = FALSE
	EndGlobalSection
	GlobalSection(ExtensibilityGlobals) = postSolution
		SolutionGuid = {22B8C61D-0F6E-4960-9FBC-9A5394CA6DC5}
	EndGlobalSection
EndGlobal
