
Microsoft Visual Studio Solution File, Format Version 12.00
# Visual Studio Version 17
VisualStudioVersion = 17.8.34511.84
MinimumVisualStudioVersion = 10.0.40219.1
Project("{FAE04EC0-301F-11D3-BF4B-00C04F79EFBC}") = "Slack", "Slack.csproj", "{01675596-2D60-412C-806E-25CEA3AC578C}"
EndProject
Global
	GlobalSection(SolutionConfigurationPlatforms) = preSolution
		Debug|Any CPU = Debug|Any CPU
		Release|Any CPU = Release|Any CPU
	EndGlobalSection
	GlobalSection(ProjectConfigurationPlatforms) = postSolution
		{01675596-2D60-412C-806E-25CEA3AC578C}.Debug|Any CPU.ActiveCfg = Debug|Any CPU
		{01675596-2D60-412C-806E-25CEA3AC578C}.Debug|Any CPU.Build.0 = Debug|Any CPU
		{01675596-2D60-412C-806E-25CEA3AC578C}.Release|Any CPU.ActiveCfg = Release|Any CPU
		{01675596-2D60-412C-806E-25CEA3AC578C}.Release|Any CPU.Build.0 = Release|Any CPU
	EndGlobalSection
	GlobalSection(SolutionProperties) = preSolution
		HideSolutionNode = FALSE
	EndGlobalSection
	GlobalSection(ExtensibilityGlobals) = postSolution
		SolutionGuid = {95ADAA7D-368A-4D17-9EE5-2D39F5F4AD2F}
	EndGlobalSection
EndGlobal
