
Microsoft Visual Studio Solution File, Format Version 12.00
# Visual Studio Version 17
VisualStudioVersion = 17.8.34511.84
MinimumVisualStudioVersion = 10.0.40219.1
Project("{FAE04EC0-301F-11D3-BF4B-00C04F79EFBC}") = "Jira", "Jira.csproj", "{DBD79159-748B-4B47-9C44-7A465FA03723}"
EndProject
Global
	GlobalSection(SolutionConfigurationPlatforms) = preSolution
		Debug|Any CPU = Debug|Any CPU
		Release|Any CPU = Release|Any CPU
	EndGlobalSection
	GlobalSection(ProjectConfigurationPlatforms) = postSolution
		{DBD79159-748B-4B47-9C44-7A465FA03723}.Debug|Any CPU.ActiveCfg = Debug|Any CPU
		{DBD79159-748B-4B47-9C44-7A465FA03723}.Debug|Any CPU.Build.0 = Debug|Any CPU
		{DBD79159-748B-4B47-9C44-7A465FA03723}.Release|Any CPU.ActiveCfg = Release|Any CPU
		{DBD79159-748B-4B47-9C44-7A465FA03723}.Release|Any CPU.Build.0 = Release|Any CPU
	EndGlobalSection
	GlobalSection(SolutionProperties) = preSolution
		HideSolutionNode = FALSE
	EndGlobalSection
	GlobalSection(ExtensibilityGlobals) = postSolution
		SolutionGuid = {E55D568C-7505-47D8-BD19-09F0E44CCEC9}
	EndGlobalSection
EndGlobal
